{
    "_meta": {
        "hash": {
            "sha256": "15bb31fb5081848900732949d328f31340bb974c423c47aa7df8e4a78509c936"
        },
        "pipfile-spec": 6,
        "requires": {
            "python_version": "3.6"
        },
        "sources": [
            {
                "name": "pypi",
                "url": "https://pypi.org/simple",
                "verify_ssl": true
            }
        ]
    },
    "default": {
        "click": {
            "hashes": [
                "sha256:d2b5255c7c6349bc1bd1e59e08cd12acbbd63ce649f2588755783aa94dfb6b1a",
                "sha256:dacca89f4bfadd5de3d7489b7c8a566eee0d3676333fbb50030263894c38c0dc"
            ],
            "index": "pypi",
            "version": "==7.1.2"
        },
        "nuitka": {
            "hashes": [
                "sha256:287133092bd8fa92f3c199eeea55eda957fe7862450b524b66568a0567063d3b"
            ],
            "index": "pypi",
            "version": "==0.6.7"
        }
    },
    "develop": {}
}
